// !$*UTF8*$!
{
	archiveVersion = 1;
	classes = {
	};
	objectVersion = 50;
	objects = {

/* Begin PBXBuildFile section */
		D43D840922733FB600843AE6 /* AppDelegate.swift in Sources */ = {isa = PBXBuildFile; fileRef = D43D840822733FB600843AE6 /* AppDelegate.swift */; };
		D43D840B22733FB600843AE6 /* ViewController.swift in Sources */ = {isa = PBXBuildFile; fileRef = D43D840A22733FB600843AE6 /* ViewController.swift */; };
		D43D840E22733FB600843AE6 /* Main.storyboard in Resources */ = {isa = PBXBuildFile; fileRef = D43D840C22733FB600843AE6 /* Main.storyboard */; };
		D43D841022733FB700843AE6 /* Assets.xcassets in Resources */ = {isa = PBXBuildFile; fileRef = D43D840F22733FB700843AE6 /* Assets.xcassets */; };
		D43D841322733FB700843AE6 /* LaunchScreen.storyboard in Resources */ = {isa = PBXBuildFile; fileRef = D43D841122733FB700843AE6 /* LaunchScreen.storyboard */; };
		D43D841E22733FB700843AE6 /* Projeto_1___livrojogoTests.swift in Sources */ = {isa = PBXBuildFile; fileRef = D43D841D22733FB700843AE6 /* Projeto_1___livrojogoTests.swift */; };
		D43D842922733FB700843AE6 /* Projeto_1___livrojogoUITests.swift in Sources */ = {isa = PBXBuildFile; fileRef = D43D842822733FB700843AE6 /* Projeto_1___livrojogoUITests.swift */; };
		D43D84392273435C00843AE6 /* ExaminarRochasViewController.swift in Sources */ = {isa = PBXBuildFile; fileRef = D43D84382273435C00843AE6 /* ExaminarRochasViewController.swift */; };
		D43D843B227346AC00843AE6 /* ExaminarPlantasViewController.swift in Sources */ = {isa = PBXBuildFile; fileRef = D43D843A227346AC00843AE6 /* ExaminarPlantasViewController.swift */; };
		D43D843D22734C8D00843AE6 /* animaisAlienigenasViewController.swift in Sources */ = {isa = PBXBuildFile; fileRef = D43D843C22734C8C00843AE6 /* animaisAlienigenasViewController.swift */; };
		D43D843F22734D3F00843AE6 /* ignorarAnimaisViewController.swift in Sources */ = {isa = PBXBuildFile; fileRef = D43D843E22734D3F00843AE6 /* ignorarAnimaisViewController.swift */; };
		D43D844122734D6A00843AE6 /* interagirAnimaisViewController.swift in Sources */ = {isa = PBXBuildFile; fileRef = D43D844022734D6A00843AE6 /* interagirAnimaisViewController.swift */; };
		D43D844322734F3700843AE6 /* AlienigenasViewController.swift in Sources */ = {isa = PBXBuildFile; fileRef = D43D844222734F3700843AE6 /* AlienigenasViewController.swift */; };
		D43D844522734FFD00843AE6 /* ContinuarMissaoSemIntergairViewController.swift in Sources */ = {isa = PBXBuildFile; fileRef = D43D844422734FFD00843AE6 /* ContinuarMissaoSemIntergairViewController.swift */; };
		D43D84472273506900843AE6 /* ContinuarPesquisaUmViewController.swift in Sources */ = {isa = PBXBuildFile; fileRef = D43D84462273506900843AE6 /* ContinuarPesquisaUmViewController.swift */; };
		D43D84492273509900843AE6 /* ContinuarPesquisaDoisViewController.swift in Sources */ = {isa = PBXBuildFile; fileRef = D43D84482273509900843AE6 /* ContinuarPesquisaDoisViewController.swift */; };
		D43D844B227350B500843AE6 /* FinalUmViewController.swift in Sources */ = {isa = PBXBuildFile; fileRef = D43D844A227350B500843AE6 /* FinalUmViewController.swift */; };
		D43D844D2273520E00843AE6 /* DescendoDaNaveViewController.swift in Sources */ = {isa = PBXBuildFile; fileRef = D43D844C2273520E00843AE6 /* DescendoDaNaveViewController.swift */; };
		D43D84502273577A00843AE6 /* InteragirAlienigenasViewController.swift in Sources */ = {isa = PBXBuildFile; fileRef = D43D844F2273577A00843AE6 /* InteragirAlienigenasViewController.swift */; };
		D43D84522273579F00843AE6 /* AlienigenasSacamArmasViewController.swift in Sources */ = {isa = PBXBuildFile; fileRef = D43D84512273579F00843AE6 /* AlienigenasSacamArmasViewController.swift */; };
		D43D84542273580000843AE6 /* AtirarViewController.swift in Sources */ = {isa = PBXBuildFile; fileRef = D43D84532273580000843AE6 /* AtirarViewController.swift */; };
		D43D84562273580F00843AE6 /* AbaixarArmaViewController.swift in Sources */ = {isa = PBXBuildFile; fileRef = D43D84552273580F00843AE6 /* AbaixarArmaViewController.swift */; };
		D43D84582273584400843AE6 /* RetornarParaNaveViewController.swift in Sources */ = {isa = PBXBuildFile; fileRef = D43D84572273584400843AE6 /* RetornarParaNaveViewController.swift */; };
		D43D845A2273586B00843AE6 /* PerseguirAlienigenaViewController.swift in Sources */ = {isa = PBXBuildFile; fileRef = D43D84592273586B00843AE6 /* PerseguirAlienigenaViewController.swift */; };
		D43D845C2273588F00843AE6 /* MatarTodosViewController.swift in Sources */ = {isa = PBXBuildFile; fileRef = D43D845B2273588F00843AE6 /* MatarTodosViewController.swift */; };
		D43D845E227358B400843AE6 /* FinalDoisViewController.swift in Sources */ = {isa = PBXBuildFile; fileRef = D43D845D227358B400843AE6 /* FinalDoisViewController.swift */; };
/* End PBXBuildFile section */

/* Begin PBXContainerItemProxy section */
		D43D841A22733FB700843AE6 /* PBXContainerItemProxy */ = {
			isa = PBXContainerItemProxy;
			containerPortal = D43D83FD22733FB600843AE6 /* Project object */;
			proxyType = 1;
			remoteGlobalIDString = D43D840422733FB600843AE6;
			remoteInfo = "Projeto 1 - livrojogo";
		};
		D43D842522733FB700843AE6 /* PBXContainerItemProxy */ = {
			isa = PBXContainerItemProxy;
			containerPortal = D43D83FD22733FB600843AE6 /* Project object */;
			proxyType = 1;
			remoteGlobalIDString = D43D840422733FB600843AE6;
			remoteInfo = "Projeto 1 - livrojogo";
		};
/* End PBXContainerItemProxy section */

/* Begin PBXFileReference section */
		D43D840522733FB600843AE6 /* Projeto 1 - livrojogo.app */ = {isa = PBXFileReference; explicitFileType = wrapper.application; includeInIndex = 0; path = "Projeto 1 - livrojogo.app"; sourceTree = BUILT_PRODUCTS_DIR; };
		D43D840822733FB600843AE6 /* AppDelegate.swift */ = {isa = PBXFileReference; lastKnownFileType = sourcecode.swift; path = AppDelegate.swift; sourceTree = "<group>"; };
		D43D840A22733FB600843AE6 /* ViewController.swift */ = {isa = PBXFileReference; lastKnownFileType = sourcecode.swift; path = ViewController.swift; sourceTree = "<group>"; };
		D43D840D22733FB600843AE6 /* Base */ = {isa = PBXFileReference; lastKnownFileType = file.storyboard; name = Base; path = Base.lproj/Main.storyboard; sourceTree = "<group>"; };
		D43D840F22733FB700843AE6 /* Assets.xcassets */ = {isa = PBXFileReference; lastKnownFileType = folder.assetcatalog; path = Assets.xcassets; sourceTree = "<group>"; };
		D43D841222733FB700843AE6 /* Base */ = {isa = PBXFileReference; lastKnownFileType = file.storyboard; name = Base; path = Base.lproj/LaunchScreen.storyboard; sourceTree = "<group>"; };
		D43D841422733FB700843AE6 /* Info.plist */ = {isa = PBXFileReference; lastKnownFileType = text.plist.xml; path = Info.plist; sourceTree = "<group>"; };
		D43D841922733FB700843AE6 /* Projeto 1 - livrojogoTests.xctest */ = {isa = PBXFileReference; explicitFileType = wrapper.cfbundle; includeInIndex = 0; path = "Projeto 1 - livrojogoTests.xctest"; sourceTree = BUILT_PRODUCTS_DIR; };
		D43D841D22733FB700843AE6 /* Projeto_1___livrojogoTests.swift */ = {isa = PBXFileReference; lastKnownFileType = sourcecode.swift; path = "Projeto_1___livrojogoTests.swift"; sourceTree = "<group>"; };
		D43D841F22733FB700843AE6 /* Info.plist */ = {isa = PBXFileReference; lastKnownFileType = text.plist.xml; path = Info.plist; sourceTree = "<group>"; };
		D43D842422733FB700843AE6 /* Projeto 1 - livrojogoUITests.xctest */ = {isa = PBXFileReference; explicitFileType = wrapper.cfbundle; includeInIndex = 0; path = "Projeto 1 - livrojogoUITests.xctest"; sourceTree = BUILT_PRODUCTS_DIR; };
		D43D842822733FB700843AE6 /* Projeto_1___livrojogoUITests.swift */ = {isa = PBXFileReference; lastKnownFileType = sourcecode.swift; path = "Projeto_1___livrojogoUITests.swift"; sourceTree = "<group>"; };
		D43D842A22733FB800843AE6 /* Info.plist */ = {isa = PBXFileReference; lastKnownFileType = text.plist.xml; path = Info.plist; sourceTree = "<group>"; };
		D43D84382273435C00843AE6 /* ExaminarRochasViewController.swift */ = {isa = PBXFileReference; lastKnownFileType = sourcecode.swift; path = ExaminarRochasViewController.swift; sourceTree = "<group>"; };
		D43D843A227346AC00843AE6 /* ExaminarPlantasViewController.swift */ = {isa = PBXFileReference; lastKnownFileType = sourcecode.swift; path = ExaminarPlantasViewController.swift; sourceTree = "<group>"; };
		D43D843C22734C8C00843AE6 /* animaisAlienigenasViewController.swift */ = {isa = PBXFileReference; lastKnownFileType = sourcecode.swift; path = animaisAlienigenasViewController.swift; sourceTree = "<group>"; };
		D43D843E22734D3F00843AE6 /* ignorarAnimaisViewController.swift */ = {isa = PBXFileReference; lastKnownFileType = sourcecode.swift; path = ignorarAnimaisViewController.swift; sourceTree = "<group>"; };
		D43D844022734D6A00843AE6 /* interagirAnimaisViewController.swift */ = {isa = PBXFileReference; lastKnownFileType = sourcecode.swift; path = interagirAnimaisViewController.swift; sourceTree = "<group>"; };
		D43D844222734F3700843AE6 /* AlienigenasViewController.swift */ = {isa = PBXFileReference; lastKnownFileType = sourcecode.swift; path = AlienigenasViewController.swift; sourceTree = "<group>"; };
		D43D844422734FFD00843AE6 /* ContinuarMissaoSemIntergairViewController.swift */ = {isa = PBXFileReference; lastKnownFileType = sourcecode.swift; path = ContinuarMissaoSemIntergairViewController.swift; sourceTree = "<group>"; };
		D43D84462273506900843AE6 /* ContinuarPesquisaUmViewController.swift */ = {isa = PBXFileReference; lastKnownFileType = sourcecode.swift; path = ContinuarPesquisaUmViewController.swift; sourceTree = "<group>"; };
		D43D84482273509900843AE6 /* ContinuarPesquisaDoisViewController.swift */ = {isa = PBXFileReference; lastKnownFileType = sourcecode.swift; path = ContinuarPesquisaDoisViewController.swift; sourceTree = "<group>"; };
		D43D844A227350B500843AE6 /* FinalUmViewController.swift */ = {isa = PBXFileReference; lastKnownFileType = sourcecode.swift; path = FinalUmViewController.swift; sourceTree = "<group>"; };
		D43D844C2273520E00843AE6 /* DescendoDaNaveViewController.swift */ = {isa = PBXFileReference; lastKnownFileType = sourcecode.swift; path = DescendoDaNaveViewController.swift; sourceTree = "<group>"; };
		D43D844F2273577A00843AE6 /* InteragirAlienigenasViewController.swift */ = {isa = PBXFileReference; lastKnownFileType = sourcecode.swift; path = InteragirAlienigenasViewController.swift; sourceTree = "<group>"; };
		D43D84512273579F00843AE6 /* AlienigenasSacamArmasViewController.swift */ = {isa = PBXFileReference; lastKnownFileType = sourcecode.swift; path = AlienigenasSacamArmasViewController.swift; sourceTree = "<group>"; };
		D43D84532273580000843AE6 /* AtirarViewController.swift */ = {isa = PBXFileReference; lastKnownFileType = sourcecode.swift; path = AtirarViewController.swift; sourceTree = "<group>"; };
		D43D84552273580F00843AE6 /* AbaixarArmaViewController.swift */ = {isa = PBXFileReference; lastKnownFileType = sourcecode.swift; path = AbaixarArmaViewController.swift; sourceTree = "<group>"; };
		D43D84572273584400843AE6 /* RetornarParaNaveViewController.swift */ = {isa = PBXFileReference; lastKnownFileType = sourcecode.swift; path = RetornarParaNaveViewController.swift; sourceTree = "<group>"; };
		D43D84592273586B00843AE6 /* PerseguirAlienigenaViewController.swift */ = {isa = PBXFileReference; lastKnownFileType = sourcecode.swift; path = PerseguirAlienigenaViewController.swift; sourceTree = "<group>"; };
		D43D845B2273588F00843AE6 /* MatarTodosViewController.swift */ = {isa = PBXFileReference; lastKnownFileType = sourcecode.swift; path = MatarTodosViewController.swift; sourceTree = "<group>"; };
		D43D845D227358B400843AE6 /* FinalDoisViewController.swift */ = {isa = PBXFileReference; lastKnownFileType = sourcecode.swift; path = FinalDoisViewController.swift; sourceTree = "<group>"; };
/* End PBXFileReference section */

/* Begin PBXFrameworksBuildPhase section */
		D43D840222733FB600843AE6 /* Frameworks */ = {
			isa = PBXFrameworksBuildPhase;
			buildActionMask = 2147483647;
			files = (
			);
			runOnlyForDeploymentPostprocessing = 0;
		};
		D43D841622733FB700843AE6 /* Frameworks */ = {
			isa = PBXFrameworksBuildPhase;
			buildActionMask = 2147483647;
			files = (
			);
			runOnlyForDeploymentPostprocessing = 0;
		};
		D43D842122733FB700843AE6 /* Frameworks */ = {
			isa = PBXFrameworksBuildPhase;
			buildActionMask = 2147483647;
			files = (
			);
			runOnlyForDeploymentPostprocessing = 0;
		};
/* End PBXFrameworksBuildPhase section */

/* Begin PBXGroup section */
		D43D83FC22733FB600843AE6 = {
			isa = PBXGroup;
			children = (
				D43D840722733FB600843AE6 /* Projeto 1 - livrojogo */,
				D43D841C22733FB700843AE6 /* Projeto 1 - livrojogoTests */,
				D43D842722733FB700843AE6 /* Projeto 1 - livrojogoUITests */,
				D43D840622733FB600843AE6 /* Products */,
			);
			sourceTree = "<group>";
		};
		D43D840622733FB600843AE6 /* Products */ = {
			isa = PBXGroup;
			children = (
				D43D840522733FB600843AE6 /* Projeto 1 - livrojogo.app */,
				D43D841922733FB700843AE6 /* Projeto 1 - livrojogoTests.xctest */,
				D43D842422733FB700843AE6 /* Projeto 1 - livrojogoUITests.xctest */,
			);
			name = Products;
			sourceTree = "<group>";
		};
		D43D840722733FB600843AE6 /* Projeto 1 - livrojogo */ = {
			isa = PBXGroup;
			children = (
				D43D840822733FB600843AE6 /* AppDelegate.swift */,
				D43D844E227352BB00843AE6 /* ViewControllers */,
				D43D840C22733FB600843AE6 /* Main.storyboard */,
				D43D840F22733FB700843AE6 /* Assets.xcassets */,
				D43D841122733FB700843AE6 /* LaunchScreen.storyboard */,
				D43D841422733FB700843AE6 /* Info.plist */,
			);
			path = "Projeto 1 - livrojogo";
			sourceTree = "<group>";
		};
		D43D841C22733FB700843AE6 /* Projeto 1 - livrojogoTests */ = {
			isa = PBXGroup;
			children = (
				D43D841D22733FB700843AE6 /* Projeto_1___livrojogoTests.swift */,
				D43D841F22733FB700843AE6 /* Info.plist */,
			);
			path = "Projeto 1 - livrojogoTests";
			sourceTree = "<group>";
		};
		D43D842722733FB700843AE6 /* Projeto 1 - livrojogoUITests */ = {
			isa = PBXGroup;
			children = (
				D43D842822733FB700843AE6 /* Projeto_1___livrojogoUITests.swift */,
				D43D842A22733FB800843AE6 /* Info.plist */,
			);
			path = "Projeto 1 - livrojogoUITests";
			sourceTree = "<group>";
		};
		D43D844E227352BB00843AE6 /* ViewControllers */ = {
			isa = PBXGroup;
			children = (
				D43D840A22733FB600843AE6 /* ViewController.swift */,
				D43D844C2273520E00843AE6 /* DescendoDaNaveViewController.swift */,
				D43D843A227346AC00843AE6 /* ExaminarPlantasViewController.swift */,
				D43D84382273435C00843AE6 /* ExaminarRochasViewController.swift */,
				D43D843E22734D3F00843AE6 /* ignorarAnimaisViewController.swift */,
				D43D844022734D6A00843AE6 /* interagirAnimaisViewController.swift */,
				D43D843C22734C8C00843AE6 /* animaisAlienigenasViewController.swift */,
				D43D844222734F3700843AE6 /* AlienigenasViewController.swift */,
				D43D844422734FFD00843AE6 /* ContinuarMissaoSemIntergairViewController.swift */,
				D43D84462273506900843AE6 /* ContinuarPesquisaUmViewController.swift */,
				D43D84482273509900843AE6 /* ContinuarPesquisaDoisViewController.swift */,
				D43D844A227350B500843AE6 /* FinalUmViewController.swift */,
				D43D844F2273577A00843AE6 /* InteragirAlienigenasViewController.swift */,
				D43D84512273579F00843AE6 /* AlienigenasSacamArmasViewController.swift */,
				D43D84532273580000843AE6 /* AtirarViewController.swift */,
				D43D84552273580F00843AE6 /* AbaixarArmaViewController.swift */,
				D43D84572273584400843AE6 /* RetornarParaNaveViewController.swift */,
				D43D84592273586B00843AE6 /* PerseguirAlienigenaViewController.swift */,
				D43D845B2273588F00843AE6 /* MatarTodosViewController.swift */,
				D43D845D227358B400843AE6 /* FinalDoisViewController.swift */,
			);
			path = ViewControllers;
			sourceTree = "<group>";
		};
/* End PBXGroup section */

/* Begin PBXNativeTarget section */
		D43D840422733FB600843AE6 /* Projeto 1 - livrojogo */ = {
			isa = PBXNativeTarget;
			buildConfigurationList = D43D842D22733FB800843AE6 /* Build configuration list for PBXNativeTarget "Projeto 1 - livrojogo" */;
			buildPhases = (
				D43D840122733FB600843AE6 /* Sources */,
				D43D840222733FB600843AE6 /* Frameworks */,
				D43D840322733FB600843AE6 /* Resources */,
			);
			buildRules = (
			);
			dependencies = (
			);
			name = "Projeto 1 - livrojogo";
			productName = "Projeto 1 - livrojogo";
			productReference = D43D840522733FB600843AE6 /* Projeto 1 - livrojogo.app */;
			productType = "com.apple.product-type.application";
		};
		D43D841822733FB700843AE6 /* Projeto 1 - livrojogoTests */ = {
			isa = PBXNativeTarget;
			buildConfigurationList = D43D843022733FB800843AE6 /* Build configuration list for PBXNativeTarget "Projeto 1 - livrojogoTests" */;
			buildPhases = (
				D43D841522733FB700843AE6 /* Sources */,
				D43D841622733FB700843AE6 /* Frameworks */,
				D43D841722733FB700843AE6 /* Resources */,
			);
			buildRules = (
			);
			dependencies = (
				D43D841B22733FB700843AE6 /* PBXTargetDependency */,
			);
			name = "Projeto 1 - livrojogoTests";
			productName = "Projeto 1 - livrojogoTests";
			productReference = D43D841922733FB700843AE6 /* Projeto 1 - livrojogoTests.xctest */;
			productType = "com.apple.product-type.bundle.unit-test";
		};
		D43D842322733FB700843AE6 /* Projeto 1 - livrojogoUITests */ = {
			isa = PBXNativeTarget;
			buildConfigurationList = D43D843322733FB800843AE6 /* Build configuration list for PBXNativeTarget "Projeto 1 - livrojogoUITests" */;
			buildPhases = (
				D43D842022733FB700843AE6 /* Sources */,
				D43D842122733FB700843AE6 /* Frameworks */,
				D43D842222733FB700843AE6 /* Resources */,
			);
			buildRules = (
			);
			dependencies = (
				D43D842622733FB700843AE6 /* PBXTargetDependency */,
			);
			name = "Projeto 1 - livrojogoUITests";
			productName = "Projeto 1 - livrojogoUITests";
			productReference = D43D842422733FB700843AE6 /* Projeto 1 - livrojogoUITests.xctest */;
			productType = "com.apple.product-type.bundle.ui-testing";
		};
/* End PBXNativeTarget section */

/* Begin PBXProject section */
		D43D83FD22733FB600843AE6 /* Project object */ = {
			isa = PBXProject;
			attributes = {
				LastSwiftUpdateCheck = 1020;
				LastUpgradeCheck = 1020;
				ORGANIZATIONNAME = "leonardo palinkas";
				TargetAttributes = {
					D43D840422733FB600843AE6 = {
						CreatedOnToolsVersion = 10.2.1;
					};
					D43D841822733FB700843AE6 = {
						CreatedOnToolsVersion = 10.2.1;
						TestTargetID = D43D840422733FB600843AE6;
					};
					D43D842322733FB700843AE6 = {
						CreatedOnToolsVersion = 10.2.1;
						TestTargetID = D43D840422733FB600843AE6;
					};
				};
			};
			buildConfigurationList = D43D840022733FB600843AE6 /* Build configuration list for PBXProject "Projeto 1 - livrojogo" */;
			compatibilityVersion = "Xcode 9.3";
			developmentRegion = en;
			hasScannedForEncodings = 0;
			knownRegions = (
				en,
				Base,
			);
			mainGroup = D43D83FC22733FB600843AE6;
			productRefGroup = D43D840622733FB600843AE6 /* Products */;
			projectDirPath = "";
			projectRoot = "";
			targets = (
				D43D840422733FB600843AE6 /* Projeto 1 - livrojogo */,
				D43D841822733FB700843AE6 /* Projeto 1 - livrojogoTests */,
				D43D842322733FB700843AE6 /* Projeto 1 - livrojogoUITests */,
			);
		};
/* End PBXProject section */

/* Begin PBXResourcesBuildPhase section */
		D43D840322733FB600843AE6 /* Resources */ = {
			isa = PBXResourcesBuildPhase;
			buildActionMask = 2147483647;
			files = (
				D43D841322733FB700843AE6 /* LaunchScreen.storyboard in Resources */,
				D43D841022733FB700843AE6 /* Assets.xcassets in Resources */,
				D43D840E22733FB600843AE6 /* Main.storyboard in Resources */,
			);
			runOnlyForDeploymentPostprocessing = 0;
		};
		D43D841722733FB700843AE6 /* Resources */ = {
			isa = PBXResourcesBuildPhase;
			buildActionMask = 2147483647;
			files = (
			);
			runOnlyForDeploymentPostprocessing = 0;
		};
		D43D842222733FB700843AE6 /* Resources */ = {
			isa = PBXResourcesBuildPhase;
			buildActionMask = 2147483647;
			files = (
			);
			runOnlyForDeploymentPostprocessing = 0;
		};
/* End PBXResourcesBuildPhase section */

/* Begin PBXSourcesBuildPhase section */
		D43D840122733FB600843AE6 /* Sources */ = {
			isa = PBXSourcesBuildPhase;
			buildActionMask = 2147483647;
			files = (
				D43D844122734D6A00843AE6 /* interagirAnimaisViewController.swift in Sources */,
				D43D844322734F3700843AE6 /* AlienigenasViewController.swift in Sources */,
				D43D845C2273588F00843AE6 /* MatarTodosViewController.swift in Sources */,
				D43D840B22733FB600843AE6 /* ViewController.swift in Sources */,
				D43D84522273579F00843AE6 /* AlienigenasSacamArmasViewController.swift in Sources */,
				D43D84562273580F00843AE6 /* AbaixarArmaViewController.swift in Sources */,
				D43D84502273577A00843AE6 /* InteragirAlienigenasViewController.swift in Sources */,
				D43D843B227346AC00843AE6 /* ExaminarPlantasViewController.swift in Sources */,
				D43D843F22734D3F00843AE6 /* ignorarAnimaisViewController.swift in Sources */,
				D43D84542273580000843AE6 /* AtirarViewController.swift in Sources */,
				D43D84492273509900843AE6 /* ContinuarPesquisaDoisViewController.swift in Sources */,
				D43D84472273506900843AE6 /* ContinuarPesquisaUmViewController.swift in Sources */,
				D43D840922733FB600843AE6 /* AppDelegate.swift in Sources */,
				D43D844522734FFD00843AE6 /* ContinuarMissaoSemIntergairViewController.swift in Sources */,
				D43D845E227358B400843AE6 /* FinalDoisViewController.swift in Sources */,
				D43D844D2273520E00843AE6 /* DescendoDaNaveViewController.swift in Sources */,
				D43D844B227350B500843AE6 /* FinalUmViewController.swift in Sources */,
				D43D845A2273586B00843AE6 /* PerseguirAlienigenaViewController.swift in Sources */,
				D43D84582273584400843AE6 /* RetornarParaNaveViewController.swift in Sources */,
				D43D84392273435C00843AE6 /* ExaminarRochasViewController.swift in Sources */,
				D43D843D22734C8D00843AE6 /* animaisAlienigenasViewController.swift in Sources */,
			);
			runOnlyForDeploymentPostprocessing = 0;
		};
		D43D841522733FB700843AE6 /* Sources */ = {
			isa = PBXSourcesBuildPhase;
			buildActionMask = 2147483647;
			files = (
				D43D841E22733FB700843AE6 /* Projeto_1___livrojogoTests.swift in Sources */,
			);
			runOnlyForDeploymentPostprocessing = 0;
		};
		D43D842022733FB700843AE6 /* Sources */ = {
			isa = PBXSourcesBuildPhase;
			buildActionMask = 2147483647;
			files = (
				D43D842922733FB700843AE6 /* Projeto_1___livrojogoUITests.swift in Sources */,
			);
			runOnlyForDeploymentPostprocessing = 0;
		};
/* End PBXSourcesBuildPhase section */

/* Begin PBXTargetDependency section */
		D43D841B22733FB700843AE6 /* PBXTargetDependency */ = {
			isa = PBXTargetDependency;
			target = D43D840422733FB600843AE6 /* Projeto 1 - livrojogo */;
			targetProxy = D43D841A22733FB700843AE6 /* PBXContainerItemProxy */;
		};
		D43D842622733FB700843AE6 /* PBXTargetDependency */ = {
			isa = PBXTargetDependency;
			target = D43D840422733FB600843AE6 /* Projeto 1 - livrojogo */;
			targetProxy = D43D842522733FB700843AE6 /* PBXContainerItemProxy */;
		};
/* End PBXTargetDependency section */

/* Begin PBXVariantGroup section */
		D43D840C22733FB600843AE6 /* Main.storyboard */ = {
			isa = PBXVariantGroup;
			children = (
				D43D840D22733FB600843AE6 /* Base */,
			);
			name = Main.storyboard;
			sourceTree = "<group>";
		};
		D43D841122733FB700843AE6 /* LaunchScreen.storyboard */ = {
			isa = PBXVariantGroup;
			children = (
				D43D841222733FB700843AE6 /* Base */,
			);
			name = LaunchScreen.storyboard;
			sourceTree = "<group>";
		};
/* End PBXVariantGroup section */

/* Begin XCBuildConfiguration section */
		D43D842B22733FB800843AE6 /* Debug */ = {
			isa = XCBuildConfiguration;
			buildSettings = {
				ALWAYS_SEARCH_USER_PATHS = NO;
				CLANG_ANALYZER_NONNULL = YES;
				CLANG_ANALYZER_NUMBER_OBJECT_CONVERSION = YES_AGGRESSIVE;
				CLANG_CXX_LANGUAGE_STANDARD = "gnu++14";
				CLANG_CXX_LIBRARY = "libc++";
				CLANG_ENABLE_MODULES = YES;
				CLANG_ENABLE_OBJC_ARC = YES;
				CLANG_ENABLE_OBJC_WEAK = YES;
				CLANG_WARN_BLOCK_CAPTURE_AUTORELEASING = YES;
				CLANG_WARN_BOOL_CONVERSION = YES;
				CLANG_WARN_COMMA = YES;
				CLANG_WARN_CONSTANT_CONVERSION = YES;
				CLANG_WARN_DEPRECATED_OBJC_IMPLEMENTATIONS = YES;
				CLANG_WARN_DIRECT_OBJC_ISA_USAGE = YES_ERROR;
				CLANG_WARN_DOCUMENTATION_COMMENTS = YES;
				CLANG_WARN_EMPTY_BODY = YES;
				CLANG_WARN_ENUM_CONVERSION = YES;
				CLANG_WARN_INFINITE_RECURSION = YES;
				CLANG_WARN_INT_CONVERSION = YES;
				CLANG_WARN_NON_LITERAL_NULL_CONVERSION = YES;
				CLANG_WARN_OBJC_IMPLICIT_RETAIN_SELF = YES;
				CLANG_WARN_OBJC_LITERAL_CONVERSION = YES;
				CLANG_WARN_OBJC_ROOT_CLASS = YES_ERROR;
				CLANG_WARN_RANGE_LOOP_ANALYSIS = YES;
				CLANG_WARN_STRICT_PROTOTYPES = YES;
				CLANG_WARN_SUSPICIOUS_MOVE = YES;
				CLANG_WARN_UNGUARDED_AVAILABILITY = YES_AGGRESSIVE;
				CLANG_WARN_UNREACHABLE_CODE = YES;
				CLANG_WARN__DUPLICATE_METHOD_MATCH = YES;
				CODE_SIGN_IDENTITY = "iPhone Developer";
				COPY_PHASE_STRIP = NO;
				DEBUG_INFORMATION_FORMAT = dwarf;
				ENABLE_STRICT_OBJC_MSGSEND = YES;
				ENABLE_TESTABILITY = YES;
				GCC_C_LANGUAGE_STANDARD = gnu11;
				GCC_DYNAMIC_NO_PIC = NO;
				GCC_NO_COMMON_BLOCKS = YES;
				GCC_OPTIMIZATION_LEVEL = 0;
				GCC_PREPROCESSOR_DEFINITIONS = (
					"DEBUG=1",
					"$(inherited)",
				);
				GCC_WARN_64_TO_32_BIT_CONVERSION = YES;
				GCC_WARN_ABOUT_RETURN_TYPE = YES_ERROR;
				GCC_WARN_UNDECLARED_SELECTOR = YES;
				GCC_WARN_UNINITIALIZED_AUTOS = YES_AGGRESSIVE;
				GCC_WARN_UNUSED_FUNCTION = YES;
				GCC_WARN_UNUSED_VARIABLE = YES;
				IPHONEOS_DEPLOYMENT_TARGET = 12.2;
				MTL_ENABLE_DEBUG_INFO = INCLUDE_SOURCE;
				MTL_FAST_MATH = YES;
				ONLY_ACTIVE_ARCH = YES;
				SDKROOT = iphoneos;
				SWIFT_ACTIVE_COMPILATION_CONDITIONS = DEBUG;
				SWIFT_OPTIMIZATION_LEVEL = "-Onone";
			};
			name = Debug;
		};
		D43D842C22733FB800843AE6 /* Release */ = {
			isa = XCBuildConfiguration;
			buildSettings = {
				ALWAYS_SEARCH_USER_PATHS = NO;
				CLANG_ANALYZER_NONNULL = YES;
				CLANG_ANALYZER_NUMBER_OBJECT_CONVERSION = YES_AGGRESSIVE;
				CLANG_CXX_LANGUAGE_STANDARD = "gnu++14";
				CLANG_CXX_LIBRARY = "libc++";
				CLANG_ENABLE_MODULES = YES;
				CLANG_ENABLE_OBJC_ARC = YES;
				CLANG_ENABLE_OBJC_WEAK = YES;
				CLANG_WARN_BLOCK_CAPTURE_AUTORELEASING = YES;
				CLANG_WARN_BOOL_CONVERSION = YES;
				CLANG_WARN_COMMA = YES;
				CLANG_WARN_CONSTANT_CONVERSION = YES;
				CLANG_WARN_DEPRECATED_OBJC_IMPLEMENTATIONS = YES;
				CLANG_WARN_DIRECT_OBJC_ISA_USAGE = YES_ERROR;
				CLANG_WARN_DOCUMENTATION_COMMENTS = YES;
				CLANG_WARN_EMPTY_BODY = YES;
				CLANG_WARN_ENUM_CONVERSION = YES;
				CLANG_WARN_INFINITE_RECURSION = YES;
				CLANG_WARN_INT_CONVERSION = YES;
				CLANG_WARN_NON_LITERAL_NULL_CONVERSION = YES;
				CLANG_WARN_OBJC_IMPLICIT_RETAIN_SELF = YES;
				CLANG_WARN_OBJC_LITERAL_CONVERSION = YES;
				CLANG_WARN_OBJC_ROOT_CLASS = YES_ERROR;
				CLANG_WARN_RANGE_LOOP_ANALYSIS = YES;
				CLANG_WARN_STRICT_PROTOTYPES = YES;
				CLANG_WARN_SUSPICIOUS_MOVE = YES;
				CLANG_WARN_UNGUARDED_AVAILABILITY = YES_AGGRESSIVE;
				CLANG_WARN_UNREACHABLE_CODE = YES;
				CLANG_WARN__DUPLICATE_METHOD_MATCH = YES;
				CODE_SIGN_IDENTITY = "iPhone Developer";
				COPY_PHASE_STRIP = NO;
				DEBUG_INFORMATION_FORMAT = "dwarf-with-dsym";
				ENABLE_NS_ASSERTIONS = NO;
				ENABLE_STRICT_OBJC_MSGSEND = YES;
				GCC_C_LANGUAGE_STANDARD = gnu11;
				GCC_NO_COMMON_BLOCKS = YES;
				GCC_WARN_64_TO_32_BIT_CONVERSION = YES;
				GCC_WARN_ABOUT_RETURN_TYPE = YES_ERROR;
				GCC_WARN_UNDECLARED_SELECTOR = YES;
				GCC_WARN_UNINITIALIZED_AUTOS = YES_AGGRESSIVE;
				GCC_WARN_UNUSED_FUNCTION = YES;
				GCC_WARN_UNUSED_VARIABLE = YES;
				IPHONEOS_DEPLOYMENT_TARGET = 12.2;
				MTL_ENABLE_DEBUG_INFO = NO;
				MTL_FAST_MATH = YES;
				SDKROOT = iphoneos;
				SWIFT_COMPILATION_MODE = wholemodule;
				SWIFT_OPTIMIZATION_LEVEL = "-O";
				VALIDATE_PRODUCT = YES;
			};
			name = Release;
		};
		D43D842E22733FB800843AE6 /* Debug */ = {
			isa = XCBuildConfiguration;
			buildSettings = {
				ASSETCATALOG_COMPILER_APPICON_NAME = AppIcon;
				CODE_SIGN_STYLE = Automatic;
				DEVELOPMENT_TEAM = 57X3DA92UU;
				INFOPLIST_FILE = "Projeto 1 - livrojogo/Info.plist";
				LD_RUNPATH_SEARCH_PATHS = (
					"$(inherited)",
					"@executable_path/Frameworks",
				);
				PRODUCT_BUNDLE_IDENTIFIER = "leonardopalinkas.Projeto-1---livrojogo";
				PRODUCT_NAME = "$(TARGET_NAME)";
				SWIFT_VERSION = 5.0;
				TARGETED_DEVICE_FAMILY = "1,2";
			};
			name = Debug;
		};
		D43D842F22733FB800843AE6 /* Release */ = {
			isa = XCBuildConfiguration;
			buildSettings = {
				ASSETCATALOG_COMPILER_APPICON_NAME = AppIcon;
				CODE_SIGN_STYLE = Automatic;
				DEVELOPMENT_TEAM = 57X3DA92UU;
				INFOPLIST_FILE = "Projeto 1 - livrojogo/Info.plist";
				LD_RUNPATH_SEARCH_PATHS = (
					"$(inherited)",
					"@executable_path/Frameworks",
				);
				PRODUCT_BUNDLE_IDENTIFIER = "leonardopalinkas.Projeto-1---livrojogo";
				PRODUCT_NAME = "$(TARGET_NAME)";
				SWIFT_VERSION = 5.0;
				TARGETED_DEVICE_FAMILY = "1,2";
			};
			name = Release;
		};
		D43D843122733FB800843AE6 /* Debug */ = {
			isa = XCBuildConfiguration;
			buildSettings = {
				ALWAYS_EMBED_SWIFT_STANDARD_LIBRARIES = YES;
				BUNDLE_LOADER = "$(TEST_HOST)";
				CODE_SIGN_STYLE = Automatic;
				DEVELOPMENT_TEAM = 57X3DA92UU;
				INFOPLIST_FILE = "Projeto 1 - livrojogoTests/Info.plist";
				LD_RUNPATH_SEARCH_PATHS = (
					"$(inherited)",
					"@executable_path/Frameworks",
					"@loader_path/Frameworks",
				);
				PRODUCT_BUNDLE_IDENTIFIER = "leonardopalinkas.Projeto-1---livrojogoTests";
				PRODUCT_NAME = "$(TARGET_NAME)";
				SWIFT_VERSION = 5.0;
				TARGETED_DEVICE_FAMILY = "1,2";
				TEST_HOST = "$(BUILT_PRODUCTS_DIR)/Projeto 1 - livrojogo.app/Projeto 1 - livrojogo";
			};
			name = Debug;
		};
		D43D843222733FB800843AE6 /* Release */ = {
			isa = XCBuildConfiguration;
			buildSettings = {
				ALWAYS_EMBED_SWIFT_STANDARD_LIBRARIES = YES;
				BUNDLE_LOADER = "$(TEST_HOST)";
				CODE_SIGN_STYLE = Automatic;
				DEVELOPMENT_TEAM = 57X3DA92UU;
				INFOPLIST_FILE = "Projeto 1 - livrojogoTests/Info.plist";
				LD_RUNPATH_SEARCH_PATHS = (
					"$(inherited)",
					"@executable_path/Frameworks",
					"@loader_path/Frameworks",
				);
				PRODUCT_BUNDLE_IDENTIFIER = "leonardopalinkas.Projeto-1---livrojogoTests";
				PRODUCT_NAME = "$(TARGET_NAME)";
				SWIFT_VERSION = 5.0;
				TARGETED_DEVICE_FAMILY = "1,2";
				TEST_HOST = "$(BUILT_PRODUCTS_DIR)/Projeto 1 - livrojogo.app/Projeto 1 - livrojogo";
			};
			name = Release;
		};
		D43D843422733FB800843AE6 /* Debug */ = {
			isa = XCBuildConfiguration;
			buildSettings = {
				ALWAYS_EMBED_SWIFT_STANDARD_LIBRARIES = YES;
				CODE_SIGN_STYLE = Automatic;
				DEVELOPMENT_TEAM = 57X3DA92UU;
				INFOPLIST_FILE = "Projeto 1 - livrojogoUITests/Info.plist";
				LD_RUNPATH_SEARCH_PATHS = (
					"$(inherited)",
					"@executable_path/Frameworks",
					"@loader_path/Frameworks",
				);
				PRODUCT_BUNDLE_IDENTIFIER = "leonardopalinkas.Projeto-1---livrojogoUITests";
				PRODUCT_NAME = "$(TARGET_NAME)";
				SWIFT_VERSION = 5.0;
				TARGETED_DEVICE_FAMILY = "1,2";
				TEST_TARGET_NAME = "Projeto 1 - livrojogo";
			};
			name = Debug;
		};
		D43D843522733FB800843AE6 /* Release */ = {
			isa = XCBuildConfiguration;
			buildSettings = {
				ALWAYS_EMBED_SWIFT_STANDARD_LIBRARIES = YES;
				CODE_SIGN_STYLE = Automatic;
				DEVELOPMENT_TEAM = 57X3DA92UU;
				INFOPLIST_FILE = "Projeto 1 - livrojogoUITests/Info.plist";
				LD_RUNPATH_SEARCH_PATHS = (
					"$(inherited)",
					"@executable_path/Frameworks",
					"@loader_path/Frameworks",
				);
				PRODUCT_BUNDLE_IDENTIFIER = "leonardopalinkas.Projeto-1---livrojogoUITests";
				PRODUCT_NAME = "$(TARGET_NAME)";
				SWIFT_VERSION = 5.0;
				TARGETED_DEVICE_FAMILY = "1,2";
				TEST_TARGET_NAME = "Projeto 1 - livrojogo";
			};
			name = Release;
		};
/* End XCBuildConfiguration section */

/* Begin XCConfigurationList section */
		D43D840022733FB600843AE6 /* Build configuration list for PBXProject "Projeto 1 - livrojogo" */ = {
			isa = XCConfigurationList;
			buildConfigurations = (
				D43D842B22733FB800843AE6 /* Debug */,
				D43D842C22733FB800843AE6 /* Release */,
			);
			defaultConfigurationIsVisible = 0;
			defaultConfigurationName = Release;
		};
		D43D842D22733FB800843AE6 /* Build configuration list for PBXNativeTarget "Projeto 1 - livrojogo" */ = {
			isa = XCConfigurationList;
			buildConfigurations = (
				D43D842E22733FB800843AE6 /* Debug */,
				D43D842F22733FB800843AE6 /* Release */,
			);
			defaultConfigurationIsVisible = 0;
			defaultConfigurationName = Release;
		};
		D43D843022733FB800843AE6 /* Build configuration list for PBXNativeTarget "Projeto 1 - livrojogoTests" */ = {
			isa = XCConfigurationList;
			buildConfigurations = (
				D43D843122733FB800843AE6 /* Debug */,
				D43D843222733FB800843AE6 /* Release */,
			);
			defaultConfigurationIsVisible = 0;
			defaultConfigurationName = Release;
		};
		D43D843322733FB800843AE6 /* Build configuration list for PBXNativeTarget "Projeto 1 - livrojogoUITests" */ = {
			isa = XCConfigurationList;
			buildConfigurations = (
				D43D843422733FB800843AE6 /* Debug */,
				D43D843522733FB800843AE6 /* Release */,
			);
			defaultConfigurationIsVisible = 0;
			defaultConfigurationName = Release;
		};
/* End XCConfigurationList section */
	};
	rootObject = D43D83FD22733FB600843AE6 /* Project object */;
}
